
Microsoft Visual Studio Solution File, Format Version 12.00
# Visual Studio Version 17
VisualStudioVersion = 17.7.34031.279
MinimumVisualStudioVersion = 10.0.40219.1
Project("{FAE04EC0-301F-11D3-BF4B-00C04F79EFBC}") = "To Do List", "To Do List\To Do List.csproj", "{16DE0E44-C013-4903-B385-2A8CCBF57D4B}"
EndProject
Global
	GlobalSection(SolutionConfigurationPlatforms) = preSolution
		Debug|Any CPU = Debug|Any CPU
		Release|Any CPU = Release|Any CPU
	EndGlobalSection
	GlobalSection(ProjectConfigurationPlatforms) = postSolution
		{16DE0E44-C013-4903-B385-2A8CCBF57D4B}.Debug|Any CPU.ActiveCfg = Debug|Any CPU
		{16DE0E44-C013-4903-B385-2A8CCBF57D4B}.Debug|Any CPU.Build.0 = Debug|Any CPU
		{16DE0E44-C013-4903-B385-2A8CCBF57D4B}.Release|Any CPU.ActiveCfg = Release|Any CPU
		{16DE0E44-C013-4903-B385-2A8CCBF57D4B}.Release|Any CPU.Build.0 = Release|Any CPU
	EndGlobalSection
	GlobalSection(SolutionProperties) = preSolution
		HideSolutionNode = FALSE
	EndGlobalSection
	GlobalSection(ExtensibilityGlobals) = postSolution
		SolutionGuid = {17422185-6EC5-4137-8932-0AB1560975FF}
	EndGlobalSection
EndGlobal
